
Microsoft Visual Studio Solution File, Format Version 12.00
# Visual Studio Version 16
VisualStudioVersion = 16.0.29306.81
MinimumVisualStudioVersion = 10.0.40219.1
Project("{FAE04EC0-301F-11D3-BF4B-00C04F79EFBC}") = "CshGit3", "CshGit3\CshGit3.csproj", "{D5A0D1E4-E2E9-4288-82DA-8887DA9E974F}"
EndProject
Global
	GlobalSection(SolutionConfigurationPlatforms) = preSolution
		Debug|Any CPU = Debug|Any CPU
		Release|Any CPU = Release|Any CPU
	EndGlobalSection
	GlobalSection(ProjectConfigurationPlatforms) = postSolution
		{D5A0D1E4-E2E9-4288-82DA-8887DA9E974F}.Debug|Any CPU.ActiveCfg = Debug|Any CPU
		{D5A0D1E4-E2E9-4288-82DA-8887DA9E974F}.Debug|Any CPU.Build.0 = Debug|Any CPU
		{D5A0D1E4-E2E9-4288-82DA-8887DA9E974F}.Release|Any CPU.ActiveCfg = Release|Any CPU
		{D5A0D1E4-E2E9-4288-82DA-8887DA9E974F}.Release|Any CPU.Build.0 = Release|Any CPU
	EndGlobalSection
	GlobalSection(SolutionProperties) = preSolution
		HideSolutionNode = FALSE
	EndGlobalSection
	GlobalSection(ExtensibilityGlobals) = postSolution
		SolutionGuid = {604F34AE-0301-40CF-9D14-E73A0D02D259}
	EndGlobalSection
EndGlobal
